
Microsoft Visual Studio Solution File, Format Version 12.00
# Visual Studio 14
VisualStudioVersion = 14.0.23107.0
MinimumVisualStudioVersion = 10.0.40219.1
Project("{8BC9CEB8-8B4A-11D0-8D11-00A0C91BC942}") = "ThreadPool", "ThreadPool\ThreadPool.vcxproj", "{44E02546-8F4F-4017-A5F9-0D7534866C34}"
EndProject
Project("{8BC9CEB8-8B4A-11D0-8D11-00A0C91BC942}") = "Task", "Task\Task.vcxproj", "{FFC27AD0-18DF-4C55-A49D-C5C699953E4C}"
EndProject
Project("{8BC9CEB8-8B4A-11D0-8D11-00A0C91BC942}") = "SemiExp", "SemiExp\SemiExp.vcxproj", "{C1131546-C8AE-4A24-A866-4A28DFDB72B9}"
EndProject
Project("{8BC9CEB8-8B4A-11D0-8D11-00A0C91BC942}") = "Tokenizer", "Tokenizer\Tokenizer.vcxproj", "{FD63AD3D-4A25-4F5C-BD43-1E19192357F2}"
EndProject
Project("{8BC9CEB8-8B4A-11D0-8D11-00A0C91BC942}") = "TypeDefAnalysis", "TypeDefAnalysis\TypeDefAnalysis.vcxproj", "{4CE822B7-7E43-4A78-AC50-F52E5D447F66}"
EndProject
Project("{8BC9CEB8-8B4A-11D0-8D11-00A0C91BC942}") = "Parser", "Parser\Parser.vcxproj", "{77BE9964-7862-4D05-AFF0-B42718AAE386}"
EndProject
Project("{8BC9CEB8-8B4A-11D0-8D11-00A0C91BC942}") = "ScopeStack", "ScopeStack\ScopeStack.vcxproj", "{0AE7CD6E-0797-422E-8DB9-407E517624A5}"
EndProject
Project("{8BC9CEB8-8B4A-11D0-8D11-00A0C91BC942}") = "ParaDepAnalysis", "ParaDepAnalysis\ParaDepAnalysis.vcxproj", "{7F8929C5-DAEF-4B8E-84A9-DF8505F5D2D7}"
EndProject
Project("{8BC9CEB8-8B4A-11D0-8D11-00A0C91BC942}") = "DepAnalysis", "DepAnalysis\DepAnalysis.vcxproj", "{D5CB9502-557D-4F41-BAC0-67C329FB4408}"
EndProject
Project("{8BC9CEB8-8B4A-11D0-8D11-00A0C91BC942}") = "DataStore", "DataStore\DataStore.vcxproj", "{B816C2D9-4493-47DD-9AC2-2979F5354E2B}"
EndProject
Project("{8BC9CEB8-8B4A-11D0-8D11-00A0C91BC942}") = "FileMgr", "FileMgr\FileMgr.vcxproj", "{C82E5AAA-C68E-4C54-8D06-7E0F89440E56}"
EndProject
Project("{8BC9CEB8-8B4A-11D0-8D11-00A0C91BC942}") = "ParaDepExe", "ParaDepExe\ParaDepExe.vcxproj", "{E0048F7F-6900-4A33-BB9B-ACC25E557F75}"
EndProject
Global
	GlobalSection(SolutionConfigurationPlatforms) = preSolution
		Debug|x64 = Debug|x64
		Debug|x86 = Debug|x86
		Release|x64 = Release|x64
		Release|x86 = Release|x86
	EndGlobalSection
	GlobalSection(ProjectConfigurationPlatforms) = postSolution
		{44E02546-8F4F-4017-A5F9-0D7534866C34}.Debug|x64.ActiveCfg = Debug|x64
		{44E02546-8F4F-4017-A5F9-0D7534866C34}.Debug|x64.Build.0 = Debug|x64
		{44E02546-8F4F-4017-A5F9-0D7534866C34}.Debug|x86.ActiveCfg = Debug|Win32
		{44E02546-8F4F-4017-A5F9-0D7534866C34}.Debug|x86.Build.0 = Debug|Win32
		{44E02546-8F4F-4017-A5F9-0D7534866C34}.Release|x64.ActiveCfg = Release|x64
		{44E02546-8F4F-4017-A5F9-0D7534866C34}.Release|x64.Build.0 = Release|x64
		{44E02546-8F4F-4017-A5F9-0D7534866C34}.Release|x86.ActiveCfg = Release|Win32
		{44E02546-8F4F-4017-A5F9-0D7534866C34}.Release|x86.Build.0 = Release|Win32
		{FFC27AD0-18DF-4C55-A49D-C5C699953E4C}.Debug|x64.ActiveCfg = Debug|x64
		{FFC27AD0-18DF-4C55-A49D-C5C699953E4C}.Debug|x64.Build.0 = Debug|x64
		{FFC27AD0-18DF-4C55-A49D-C5C699953E4C}.Debug|x86.ActiveCfg = Debug|Win32
		{FFC27AD0-18DF-4C55-A49D-C5C699953E4C}.Debug|x86.Build.0 = Debug|Win32
		{FFC27AD0-18DF-4C55-A49D-C5C699953E4C}.Release|x64.ActiveCfg = Release|x64
		{FFC27AD0-18DF-4C55-A49D-C5C699953E4C}.Release|x64.Build.0 = Release|x64
		{FFC27AD0-18DF-4C55-A49D-C5C699953E4C}.Release|x86.ActiveCfg = Release|Win32
		{FFC27AD0-18DF-4C55-A49D-C5C699953E4C}.Release|x86.Build.0 = Release|Win32
		{C1131546-C8AE-4A24-A866-4A28DFDB72B9}.Debug|x64.ActiveCfg = Debug|x64
		{C1131546-C8AE-4A24-A866-4A28DFDB72B9}.Debug|x64.Build.0 = Debug|x64
		{C1131546-C8AE-4A24-A866-4A28DFDB72B9}.Debug|x86.ActiveCfg = Debug|Win32
		{C1131546-C8AE-4A24-A866-4A28DFDB72B9}.Debug|x86.Build.0 = Debug|Win32
		{C1131546-C8AE-4A24-A866-4A28DFDB72B9}.Release|x64.ActiveCfg = Release|x64
		{C1131546-C8AE-4A24-A866-4A28DFDB72B9}.Release|x64.Build.0 = Release|x64
		{C1131546-C8AE-4A24-A866-4A28DFDB72B9}.Release|x86.ActiveCfg = Release|Win32
		{C1131546-C8AE-4A24-A866-4A28DFDB72B9}.Release|x86.Build.0 = Release|Win32
		{FD63AD3D-4A25-4F5C-BD43-1E19192357F2}.Debug|x64.ActiveCfg = Debug|x64
		{FD63AD3D-4A25-4F5C-BD43-1E19192357F2}.Debug|x64.Build.0 = Debug|x64
		{FD63AD3D-4A25-4F5C-BD43-1E19192357F2}.Debug|x86.ActiveCfg = Debug|Win32
		{FD63AD3D-4A25-4F5C-BD43-1E19192357F2}.Debug|x86.Build.0 = Debug|Win32
		{FD63AD3D-4A25-4F5C-BD43-1E19192357F2}.Release|x64.ActiveCfg = Release|x64
		{FD63AD3D-4A25-4F5C-BD43-1E19192357F2}.Release|x64.Build.0 = Release|x64
		{FD63AD3D-4A25-4F5C-BD43-1E19192357F2}.Release|x86.ActiveCfg = Release|Win32
		{FD63AD3D-4A25-4F5C-BD43-1E19192357F2}.Release|x86.Build.0 = Release|Win32
		{4CE822B7-7E43-4A78-AC50-F52E5D447F66}.Debug|x64.ActiveCfg = Debug|x64
		{4CE822B7-7E43-4A78-AC50-F52E5D447F66}.Debug|x64.Build.0 = Debug|x64
		{4CE822B7-7E43-4A78-AC50-F52E5D447F66}.Debug|x86.ActiveCfg = Debug|Win32
		{4CE822B7-7E43-4A78-AC50-F52E5D447F66}.Debug|x86.Build.0 = Debug|Win32
		{4CE822B7-7E43-4A78-AC50-F52E5D447F66}.Release|x64.ActiveCfg = Release|x64
		{4CE822B7-7E43-4A78-AC50-F52E5D447F66}.Release|x64.Build.0 = Release|x64
		{4CE822B7-7E43-4A78-AC50-F52E5D447F66}.Release|x86.ActiveCfg = Release|Win32
		{4CE822B7-7E43-4A78-AC50-F52E5D447F66}.Release|x86.Build.0 = Release|Win32
		{77BE9964-7862-4D05-AFF0-B42718AAE386}.Debug|x64.ActiveCfg = Debug|x64
		{77BE9964-7862-4D05-AFF0-B42718AAE386}.Debug|x64.Build.0 = Debug|x64
		{77BE9964-7862-4D05-AFF0-B42718AAE386}.Debug|x86.ActiveCfg = Debug|Win32
		{77BE9964-7862-4D05-AFF0-B42718AAE386}.Debug|x86.Build.0 = Debug|Win32
		{77BE9964-7862-4D05-AFF0-B42718AAE386}.Release|x64.ActiveCfg = Release|x64
		{77BE9964-7862-4D05-AFF0-B42718AAE386}.Release|x64.Build.0 = Release|x64
		{77BE9964-7862-4D05-AFF0-B42718AAE386}.Release|x86.ActiveCfg = Release|Win32
		{77BE9964-7862-4D05-AFF0-B42718AAE386}.Release|x86.Build.0 = Release|Win32
		{0AE7CD6E-0797-422E-8DB9-407E517624A5}.Debug|x64.ActiveCfg = Debug|x64
		{0AE7CD6E-0797-422E-8DB9-407E517624A5}.Debug|x64.Build.0 = Debug|x64
		{0AE7CD6E-0797-422E-8DB9-407E517624A5}.Debug|x86.ActiveCfg = Debug|Win32
		{0AE7CD6E-0797-422E-8DB9-407E517624A5}.Debug|x86.Build.0 = Debug|Win32
		{0AE7CD6E-0797-422E-8DB9-407E517624A5}.Release|x64.ActiveCfg = Release|x64
		{0AE7CD6E-0797-422E-8DB9-407E517624A5}.Release|x64.Build.0 = Release|x64
		{0AE7CD6E-0797-422E-8DB9-407E517624A5}.Release|x86.ActiveCfg = Release|Win32
		{0AE7CD6E-0797-422E-8DB9-407E517624A5}.Release|x86.Build.0 = Release|Win32
		{7F8929C5-DAEF-4B8E-84A9-DF8505F5D2D7}.Debug|x64.ActiveCfg = Debug|x64
		{7F8929C5-DAEF-4B8E-84A9-DF8505F5D2D7}.Debug|x64.Build.0 = Debug|x64
		{7F8929C5-DAEF-4B8E-84A9-DF8505F5D2D7}.Debug|x86.ActiveCfg = Debug|Win32
		{7F8929C5-DAEF-4B8E-84A9-DF8505F5D2D7}.Debug|x86.Build.0 = Debug|Win32
		{7F8929C5-DAEF-4B8E-84A9-DF8505F5D2D7}.Release|x64.ActiveCfg = Release|x64
		{7F8929C5-DAEF-4B8E-84A9-DF8505F5D2D7}.Release|x64.Build.0 = Release|x64
		{7F8929C5-DAEF-4B8E-84A9-DF8505F5D2D7}.Release|x86.ActiveCfg = Release|Win32
		{7F8929C5-DAEF-4B8E-84A9-DF8505F5D2D7}.Release|x86.Build.0 = Release|Win32
		{D5CB9502-557D-4F41-BAC0-67C329FB4408}.Debug|x64.ActiveCfg = Debug|x64
		{D5CB9502-557D-4F41-BAC0-67C329FB4408}.Debug|x64.Build.0 = Debug|x64
		{D5CB9502-557D-4F41-BAC0-67C329FB4408}.Debug|x86.ActiveCfg = Debug|Win32
		{D5CB9502-557D-4F41-BAC0-67C329FB4408}.Debug|x86.Build.0 = Debug|Win32
		{D5CB9502-557D-4F41-BAC0-67C329FB4408}.Release|x64.ActiveCfg = Release|x64
		{D5CB9502-557D-4F41-BAC0-67C329FB4408}.Release|x64.Build.0 = Release|x64
		{D5CB9502-557D-4F41-BAC0-67C329FB4408}.Release|x86.ActiveCfg = Release|Win32
		{D5CB9502-557D-4F41-BAC0-67C329FB4408}.Release|x86.Build.0 = Release|Win32
		{B816C2D9-4493-47DD-9AC2-2979F5354E2B}.Debug|x64.ActiveCfg = Debug|x64
		{B816C2D9-4493-47DD-9AC2-2979F5354E2B}.Debug|x64.Build.0 = Debug|x64
		{B816C2D9-4493-47DD-9AC2-2979F5354E2B}.Debug|x86.ActiveCfg = Debug|Win32
		{B816C2D9-4493-47DD-9AC2-2979F5354E2B}.Debug|x86.Build.0 = Debug|Win32
		{B816C2D9-4493-47DD-9AC2-2979F5354E2B}.Release|x64.ActiveCfg = Release|x64
		{B816C2D9-4493-47DD-9AC2-2979F5354E2B}.Release|x64.Build.0 = Release|x64
		{B816C2D9-4493-47DD-9AC2-2979F5354E2B}.Release|x86.ActiveCfg = Release|Win32
		{B816C2D9-4493-47DD-9AC2-2979F5354E2B}.Release|x86.Build.0 = Release|Win32
		{C82E5AAA-C68E-4C54-8D06-7E0F89440E56}.Debug|x64.ActiveCfg = Debug|x64
		{C82E5AAA-C68E-4C54-8D06-7E0F89440E56}.Debug|x64.Build.0 = Debug|x64
		{C82E5AAA-C68E-4C54-8D06-7E0F89440E56}.Debug|x86.ActiveCfg = Debug|Win32
		{C82E5AAA-C68E-4C54-8D06-7E0F89440E56}.Debug|x86.Build.0 = Debug|Win32
		{C82E5AAA-C68E-4C54-8D06-7E0F89440E56}.Release|x64.ActiveCfg = Release|x64
		{C82E5AAA-C68E-4C54-8D06-7E0F89440E56}.Release|x64.Build.0 = Release|x64
		{C82E5AAA-C68E-4C54-8D06-7E0F89440E56}.Release|x86.ActiveCfg = Release|Win32
		{C82E5AAA-C68E-4C54-8D06-7E0F89440E56}.Release|x86.Build.0 = Release|Win32
		{E0048F7F-6900-4A33-BB9B-ACC25E557F75}.Debug|x64.ActiveCfg = Debug|x64
		{E0048F7F-6900-4A33-BB9B-ACC25E557F75}.Debug|x64.Build.0 = Debug|x64
		{E0048F7F-6900-4A33-BB9B-ACC25E557F75}.Debug|x86.ActiveCfg = Debug|Win32
		{E0048F7F-6900-4A33-BB9B-ACC25E557F75}.Debug|x86.Build.0 = Debug|Win32
		{E0048F7F-6900-4A33-BB9B-ACC25E557F75}.Release|x64.ActiveCfg = Release|x64
		{E0048F7F-6900-4A33-BB9B-ACC25E557F75}.Release|x64.Build.0 = Release|x64
		{E0048F7F-6900-4A33-BB9B-ACC25E557F75}.Release|x86.ActiveCfg = Release|Win32
		{E0048F7F-6900-4A33-BB9B-ACC25E557F75}.Release|x86.Build.0 = Release|Win32
	EndGlobalSection
	GlobalSection(SolutionProperties) = preSolution
		HideSolutionNode = FALSE
	EndGlobalSection
EndGlobal
